
Microsoft Visual Studio Solution File, Format Version 12.00
# Visual Studio Version 16
VisualStudioVersion = 16.0.30804.86
MinimumVisualStudioVersion = 10.0.40219.1
Project("{FAE04EC0-301F-11D3-BF4B-00C04F79EFBC}") = "CharLocDataMumble", "CharLocDataMumble.csproj", "{CD14B393-C2D0-4163-8537-FA0F8669A287}"
EndProject
Global
	GlobalSection(SolutionConfigurationPlatforms) = preSolution
		Debug|x64 = Debug|x64
		Release|x64 = Release|x64
	EndGlobalSection
	GlobalSection(ProjectConfigurationPlatforms) = postSolution
		{CD14B393-C2D0-4163-8537-FA0F8669A287}.Debug|x64.ActiveCfg = Debug|x64
		{CD14B393-C2D0-4163-8537-FA0F8669A287}.Debug|x64.Build.0 = Debug|x64
		{CD14B393-C2D0-4163-8537-FA0F8669A287}.Release|x64.ActiveCfg = Release|x64
		{CD14B393-C2D0-4163-8537-FA0F8669A287}.Release|x64.Build.0 = Release|x64
	EndGlobalSection
	GlobalSection(SolutionProperties) = preSolution
		HideSolutionNode = FALSE
	EndGlobalSection
	GlobalSection(ExtensibilityGlobals) = postSolution
		SolutionGuid = {8F78AEA5-ECC9-458A-9FDF-F48924CC1BB2}
	EndGlobalSection
EndGlobal
